// !$*UTF8*$!
{
	archiveVersion = 1;
	classes = {
	};
	objectVersion = 50;
	objects = {

/* Begin PBXBuildFile section */
		194986A223C9BD7D00A5CC66 /* ParkTableviewCell+Autolayout.swift in Sources */ = {isa = PBXBuildFile; fileRef = 194986A123C9BD7D00A5CC66 /* ParkTableviewCell+Autolayout.swift */; };
		195E84F023C7ABD80067E258 /* ParksListVC+Tableview.swift in Sources */ = {isa = PBXBuildFile; fileRef = 195E84EF23C7ABD70067E258 /* ParksListVC+Tableview.swift */; };
		195ECD5223C66616003250F8 /* StringExtension.swift in Sources */ = {isa = PBXBuildFile; fileRef = 195ECD5123C66616003250F8 /* StringExtension.swift */; };
		195ECD5323C66710003250F8 /* Localizable.strings in Resources */ = {isa = PBXBuildFile; fileRef = 195ECD5523C66710003250F8 /* Localizable.strings */; };
		195ECD5823C66D5E003250F8 /* ParkTableviewCell.swift in Sources */ = {isa = PBXBuildFile; fileRef = 195ECD5723C66D5E003250F8 /* ParkTableviewCell.swift */; };
		195ECD5A23C66F98003250F8 /* ParksListVC+WS.swift in Sources */ = {isa = PBXBuildFile; fileRef = 195ECD5923C66F98003250F8 /* ParksListVC+WS.swift */; };
		195ECD5C23C67490003250F8 /* Park.swift in Sources */ = {isa = PBXBuildFile; fileRef = 195ECD5B23C67490003250F8 /* Park.swift */; };
		195ECD5F23C675A0003250F8 /* ParksListWS.swift in Sources */ = {isa = PBXBuildFile; fileRef = 195ECD5E23C675A0003250F8 /* ParksListWS.swift */; };
		195ECD6123C67664003250F8 /* Route.swift in Sources */ = {isa = PBXBuildFile; fileRef = 195ECD6023C67664003250F8 /* Route.swift */; };
		195ECD6423C67928003250F8 /* BaseViewController.swift in Sources */ = {isa = PBXBuildFile; fileRef = 195ECD6323C67928003250F8 /* BaseViewController.swift */; };
		195ECD6623C67B19003250F8 /* Header.swift in Sources */ = {isa = PBXBuildFile; fileRef = 195ECD6523C67B19003250F8 /* Header.swift */; };
		195ECD6B23C6826E003250F8 /* BaseViewController+Popup.swift in Sources */ = {isa = PBXBuildFile; fileRef = 195ECD6A23C6826E003250F8 /* BaseViewController+Popup.swift */; };
		197988D523C51F0F00402D8D /* ParksListVC.swift in Sources */ = {isa = PBXBuildFile; fileRef = 197988D423C51F0F00402D8D /* ParksListVC.swift */; };
		197988D723C522D600402D8D /* ParksListVC+Autlayout.swift in Sources */ = {isa = PBXBuildFile; fileRef = 197988D623C522D600402D8D /* ParksListVC+Autlayout.swift */; };
		19D3E53923C37B5100C7799B /* AppDelegate.swift in Sources */ = {isa = PBXBuildFile; fileRef = 19D3E53823C37B5100C7799B /* AppDelegate.swift */; };
		19D3E54023C37B5B00C7799B /* Assets.xcassets in Resources */ = {isa = PBXBuildFile; fileRef = 19D3E53F23C37B5B00C7799B /* Assets.xcassets */; };
		19D3E54323C37B5B00C7799B /* LaunchScreen.storyboard in Resources */ = {isa = PBXBuildFile; fileRef = 19D3E54123C37B5B00C7799B /* LaunchScreen.storyboard */; };
		6F93B6DB80DE00D2E59AA810 /* Pods_Imaginary_National_Park.framework in Frameworks */ = {isa = PBXBuildFile; fileRef = 2EF890B4A88A9CF3F6A2DC94 /* Pods_Imaginary_National_Park.framework */; };
/* End PBXBuildFile section */

/* Begin PBXFileReference section */
		194986A123C9BD7D00A5CC66 /* ParkTableviewCell+Autolayout.swift */ = {isa = PBXFileReference; lastKnownFileType = sourcecode.swift; path = "ParkTableviewCell+Autolayout.swift"; sourceTree = "<group>"; };
		195E84EF23C7ABD70067E258 /* ParksListVC+Tableview.swift */ = {isa = PBXFileReference; lastKnownFileType = sourcecode.swift; path = "ParksListVC+Tableview.swift"; sourceTree = "<group>"; };
		195ECD5123C66616003250F8 /* StringExtension.swift */ = {isa = PBXFileReference; lastKnownFileType = sourcecode.swift; path = StringExtension.swift; sourceTree = "<group>"; };
		195ECD5423C66710003250F8 /* en */ = {isa = PBXFileReference; lastKnownFileType = text.plist.strings; name = en; path = en.lproj/Localizable.strings; sourceTree = "<group>"; };
		195ECD5723C66D5E003250F8 /* ParkTableviewCell.swift */ = {isa = PBXFileReference; lastKnownFileType = sourcecode.swift; path = ParkTableviewCell.swift; sourceTree = "<group>"; };
		195ECD5923C66F98003250F8 /* ParksListVC+WS.swift */ = {isa = PBXFileReference; lastKnownFileType = sourcecode.swift; path = "ParksListVC+WS.swift"; sourceTree = "<group>"; };
		195ECD5B23C67490003250F8 /* Park.swift */ = {isa = PBXFileReference; lastKnownFileType = sourcecode.swift; path = Park.swift; sourceTree = "<group>"; };
		195ECD5E23C675A0003250F8 /* ParksListWS.swift */ = {isa = PBXFileReference; lastKnownFileType = sourcecode.swift; path = ParksListWS.swift; sourceTree = "<group>"; };
		195ECD6023C67664003250F8 /* Route.swift */ = {isa = PBXFileReference; lastKnownFileType = sourcecode.swift; path = Route.swift; sourceTree = "<group>"; };
		195ECD6323C67928003250F8 /* BaseViewController.swift */ = {isa = PBXFileReference; lastKnownFileType = sourcecode.swift; path = BaseViewController.swift; sourceTree = "<group>"; };
		195ECD6523C67B19003250F8 /* Header.swift */ = {isa = PBXFileReference; lastKnownFileType = sourcecode.swift; path = Header.swift; sourceTree = "<group>"; };
		195ECD6A23C6826E003250F8 /* BaseViewController+Popup.swift */ = {isa = PBXFileReference; lastKnownFileType = sourcecode.swift; path = "BaseViewController+Popup.swift"; sourceTree = "<group>"; };
		197988D423C51F0F00402D8D /* ParksListVC.swift */ = {isa = PBXFileReference; lastKnownFileType = sourcecode.swift; path = ParksListVC.swift; sourceTree = "<group>"; };
		197988D623C522D600402D8D /* ParksListVC+Autlayout.swift */ = {isa = PBXFileReference; lastKnownFileType = sourcecode.swift; path = "ParksListVC+Autlayout.swift"; sourceTree = "<group>"; };
		19D3E53523C37B5100C7799B /* Imaginary National Park.app */ = {isa = PBXFileReference; explicitFileType = wrapper.application; includeInIndex = 0; path = "Imaginary National Park.app"; sourceTree = BUILT_PRODUCTS_DIR; };
		19D3E53823C37B5100C7799B /* AppDelegate.swift */ = {isa = PBXFileReference; lastKnownFileType = sourcecode.swift; path = AppDelegate.swift; sourceTree = "<group>"; };
		19D3E53F23C37B5B00C7799B /* Assets.xcassets */ = {isa = PBXFileReference; lastKnownFileType = folder.assetcatalog; path = Assets.xcassets; sourceTree = "<group>"; };
		19D3E54223C37B5B00C7799B /* Base */ = {isa = PBXFileReference; lastKnownFileType = file.storyboard; name = Base; path = Base.lproj/LaunchScreen.storyboard; sourceTree = "<group>"; };
		19D3E54423C37B5B00C7799B /* Info.plist */ = {isa = PBXFileReference; lastKnownFileType = text.plist.xml; path = Info.plist; sourceTree = "<group>"; };
		2EF890B4A88A9CF3F6A2DC94 /* Pods_Imaginary_National_Park.framework */ = {isa = PBXFileReference; explicitFileType = wrapper.framework; includeInIndex = 0; path = Pods_Imaginary_National_Park.framework; sourceTree = BUILT_PRODUCTS_DIR; };
		9C984E0467D3E7C09AEC7837 /* Pods-Imaginary National Park.debug.xcconfig */ = {isa = PBXFileReference; includeInIndex = 1; lastKnownFileType = text.xcconfig; name = "Pods-Imaginary National Park.debug.xcconfig"; path = "Pods/Target Support Files/Pods-Imaginary National Park/Pods-Imaginary National Park.debug.xcconfig"; sourceTree = "<group>"; };
		BEC9EF8B0DD35344E92636E6 /* Pods-Imaginary National Park.release.xcconfig */ = {isa = PBXFileReference; includeInIndex = 1; lastKnownFileType = text.xcconfig; name = "Pods-Imaginary National Park.release.xcconfig"; path = "Pods/Target Support Files/Pods-Imaginary National Park/Pods-Imaginary National Park.release.xcconfig"; sourceTree = "<group>"; };
/* End PBXFileReference section */

/* Begin PBXFrameworksBuildPhase section */
		19D3E53223C37B5100C7799B /* Frameworks */ = {
			isa = PBXFrameworksBuildPhase;
			buildActionMask = 2147483647;
			files = (
				6F93B6DB80DE00D2E59AA810 /* Pods_Imaginary_National_Park.framework in Frameworks */,
			);
			runOnlyForDeploymentPostprocessing = 0;
		};
/* End PBXFrameworksBuildPhase section */

/* Begin PBXGroup section */
		194986A323C9BFFB00A5CC66 /* ParkTableviewCell */ = {
			isa = PBXGroup;
			children = (
				195ECD5723C66D5E003250F8 /* ParkTableviewCell.swift */,
				194986A123C9BD7D00A5CC66 /* ParkTableviewCell+Autolayout.swift */,
			);
			path = ParkTableviewCell;
			sourceTree = "<group>";
		};
		195ECD4A23C66383003250F8 /* AppDelegate */ = {
			isa = PBXGroup;
			children = (
				19D3E53823C37B5100C7799B /* AppDelegate.swift */,
			);
			path = AppDelegate;
			sourceTree = "<group>";
		};
		195ECD4B23C663BA003250F8 /* Ressources */ = {
			isa = PBXGroup;
			children = (
				195ECD4C23C66477003250F8 /* Text */,
				19D3E53F23C37B5B00C7799B /* Assets.xcassets */,
			);
			path = Ressources;
			sourceTree = "<group>";
		};
		195ECD4C23C66477003250F8 /* Text */ = {
			isa = PBXGroup;
			children = (
				195ECD5523C66710003250F8 /* Localizable.strings */,
			);
			name = Text;
			path = "New Group";
			sourceTree = "<group>";
		};
		195ECD4F23C665CE003250F8 /* Helpers */ = {
			isa = PBXGroup;
			children = (
				195ECD5023C665E1003250F8 /* Extensions */,
			);
			path = Helpers;
			sourceTree = "<group>";
		};
		195ECD5023C665E1003250F8 /* Extensions */ = {
			isa = PBXGroup;
			children = (
				195ECD5123C66616003250F8 /* StringExtension.swift */,
			);
			name = Extensions;
			path = "New Groupions";
			sourceTree = "<group>";
		};
		195ECD5623C66D0A003250F8 /* TableviewCells */ = {
			isa = PBXGroup;
			children = (
				194986A323C9BFFB00A5CC66 /* ParkTableviewCell */,
			);
			path = TableviewCells;
			sourceTree = "<group>";
		};
		195ECD5D23C67585003250F8 /* Services */ = {
			isa = PBXGroup;
			children = (
				195ECD5E23C675A0003250F8 /* ParksListWS.swift */,
				195ECD6023C67664003250F8 /* Route.swift */,
				195ECD6523C67B19003250F8 /* Header.swift */,
			);
			path = Services;
			sourceTree = "<group>";
		};
		195ECD6223C678FA003250F8 /* BaseViewController */ = {
			isa = PBXGroup;
			children = (
				195ECD6323C67928003250F8 /* BaseViewController.swift */,
				195ECD6A23C6826E003250F8 /* BaseViewController+Popup.swift */,
			);
			path = BaseViewController;
			sourceTree = "<group>";
		};
		197988CF23C51E9E00402D8D /* MVC */ = {
			isa = PBXGroup;
			children = (
				197988D223C51ECE00402D8D /* Model */,
				197988D123C51EC700402D8D /* View */,
				197988D023C51EBA00402D8D /* Controller */,
			);
			path = MVC;
			sourceTree = "<group>";
		};
		197988D023C51EBA00402D8D /* Controller */ = {
			isa = PBXGroup;
			children = (
				195ECD6223C678FA003250F8 /* BaseViewController */,
				197988D323C51ED700402D8D /* ParksListVC */,
			);
			path = Controller;
			sourceTree = "<group>";
		};
		197988D123C51EC700402D8D /* View */ = {
			isa = PBXGroup;
			children = (
				195ECD5623C66D0A003250F8 /* TableviewCells */,
			);
			path = View;
			sourceTree = "<group>";
		};
		197988D223C51ECE00402D8D /* Model */ = {
			isa = PBXGroup;
			children = (
				195ECD5B23C67490003250F8 /* Park.swift */,
			);
			path = Model;
			sourceTree = "<group>";
		};
		197988D323C51ED700402D8D /* ParksListVC */ = {
			isa = PBXGroup;
			children = (
				197988D423C51F0F00402D8D /* ParksListVC.swift */,
				197988D623C522D600402D8D /* ParksListVC+Autlayout.swift */,
				195ECD5923C66F98003250F8 /* ParksListVC+WS.swift */,
				195E84EF23C7ABD70067E258 /* ParksListVC+Tableview.swift */,
			);
			path = ParksListVC;
			sourceTree = "<group>";
		};
		19D3E52C23C37B5100C7799B = {
			isa = PBXGroup;
			children = (
				19D3E53723C37B5100C7799B /* Imaginary National Park */,
				19D3E53623C37B5100C7799B /* Products */,
				2F3FEA56394A8851F07290FA /* Pods */,
				BC0A43FC3C2CD4F9D639D4A4 /* Frameworks */,
			);
			sourceTree = "<group>";
		};
		19D3E53623C37B5100C7799B /* Products */ = {
			isa = PBXGroup;
			children = (
				19D3E53523C37B5100C7799B /* Imaginary National Park.app */,
			);
			name = Products;
			sourceTree = "<group>";
		};
		19D3E53723C37B5100C7799B /* Imaginary National Park */ = {
			isa = PBXGroup;
			children = (
				195ECD4A23C66383003250F8 /* AppDelegate */,
				195ECD4F23C665CE003250F8 /* Helpers */,
				197988CF23C51E9E00402D8D /* MVC */,
				19D3E54123C37B5B00C7799B /* LaunchScreen.storyboard */,
				195ECD5D23C67585003250F8 /* Services */,
				195ECD4B23C663BA003250F8 /* Ressources */,
				19D3E54423C37B5B00C7799B /* Info.plist */,
			);
			path = "Imaginary National Park";
			sourceTree = "<group>";
		};
		2F3FEA56394A8851F07290FA /* Pods */ = {
			isa = PBXGroup;
			children = (
				9C984E0467D3E7C09AEC7837 /* Pods-Imaginary National Park.debug.xcconfig */,
				BEC9EF8B0DD35344E92636E6 /* Pods-Imaginary National Park.release.xcconfig */,
			);
			name = Pods;
			sourceTree = "<group>";
		};
		BC0A43FC3C2CD4F9D639D4A4 /* Frameworks */ = {
			isa = PBXGroup;
			children = (
				2EF890B4A88A9CF3F6A2DC94 /* Pods_Imaginary_National_Park.framework */,
			);
			name = Frameworks;
			sourceTree = "<group>";
		};
/* End PBXGroup section */

/* Begin PBXNativeTarget section */
		19D3E53423C37B5100C7799B /* Imaginary National Park */ = {
			isa = PBXNativeTarget;
			buildConfigurationList = 19D3E54723C37B5B00C7799B /* Build configuration list for PBXNativeTarget "Imaginary National Park" */;
			buildPhases = (
				8FC921A247EB582401F69AC2 /* [CP] Check Pods Manifest.lock */,
				19D3E53123C37B5100C7799B /* Sources */,
				19D3E53223C37B5100C7799B /* Frameworks */,
				19D3E53323C37B5100C7799B /* Resources */,
				619D66843A7D4614A1C5DF91 /* [CP] Embed Pods Frameworks */,
			);
			buildRules = (
			);
			dependencies = (
			);
			name = "Imaginary National Park";
			productName = "Imaginary National Park";
			productReference = 19D3E53523C37B5100C7799B /* Imaginary National Park.app */;
			productType = "com.apple.product-type.application";
		};
/* End PBXNativeTarget section */

/* Begin PBXProject section */
		19D3E52D23C37B5100C7799B /* Project object */ = {
			isa = PBXProject;
			attributes = {
				LastSwiftUpdateCheck = 0930;
				LastUpgradeCheck = 0930;
				ORGANIZATIONNAME = "Marwen Doukh";
				TargetAttributes = {
					19D3E53423C37B5100C7799B = {
						CreatedOnToolsVersion = 9.3;
					};
				};
			};
			buildConfigurationList = 19D3E53023C37B5100C7799B /* Build configuration list for PBXProject "Imaginary National Park" */;
			compatibilityVersion = "Xcode 9.3";
			developmentRegion = en;
			hasScannedForEncodings = 0;
			knownRegions = (
				en,
				Base,
			);
			mainGroup = 19D3E52C23C37B5100C7799B;
			productRefGroup = 19D3E53623C37B5100C7799B /* Products */;
			projectDirPath = "";
			projectRoot = "";
			targets = (
				19D3E53423C37B5100C7799B /* Imaginary National Park */,
			);
		};
/* End PBXProject section */

/* Begin PBXResourcesBuildPhase section */
		19D3E53323C37B5100C7799B /* Resources */ = {
			isa = PBXResourcesBuildPhase;
			buildActionMask = 2147483647;
			files = (
				19D3E54323C37B5B00C7799B /* LaunchScreen.storyboard in Resources */,
				195ECD5323C66710003250F8 /* Localizable.strings in Resources */,
				19D3E54023C37B5B00C7799B /* Assets.xcassets in Resources */,
			);
			runOnlyForDeploymentPostprocessing = 0;
		};
/* End PBXResourcesBuildPhase section */

/* Begin PBXShellScriptBuildPhase section */
		619D66843A7D4614A1C5DF91 /* [CP] Embed Pods Frameworks */ = {
			isa = PBXShellScriptBuildPhase;
			buildActionMask = 2147483647;
			files = (
			);
			inputPaths = (
				"${SRCROOT}/Pods/Target Support Files/Pods-Imaginary National Park/Pods-Imaginary National Park-frameworks.sh",
				"${BUILT_PRODUCTS_DIR}/Alamofire/Alamofire.framework",
				"${BUILT_PRODUCTS_DIR}/AlamofireImage/AlamofireImage.framework",
			);
			name = "[CP] Embed Pods Frameworks";
			outputPaths = (
				"${TARGET_BUILD_DIR}/${FRAMEWORKS_FOLDER_PATH}/Alamofire.framework",
				"${TARGET_BUILD_DIR}/${FRAMEWORKS_FOLDER_PATH}/AlamofireImage.framework",
			);
			runOnlyForDeploymentPostprocessing = 0;
			shellPath = /bin/sh;
			shellScript = "\"${SRCROOT}/Pods/Target Support Files/Pods-Imaginary National Park/Pods-Imaginary National Park-frameworks.sh\"\n";
			showEnvVarsInLog = 0;
		};
		8FC921A247EB582401F69AC2 /* [CP] Check Pods Manifest.lock */ = {
			isa = PBXShellScriptBuildPhase;
			buildActionMask = 2147483647;
			files = (
			);
			inputPaths = (
				"${PODS_PODFILE_DIR_PATH}/Podfile.lock",
				"${PODS_ROOT}/Manifest.lock",
			);
			name = "[CP] Check Pods Manifest.lock";
			outputPaths = (
				"$(DERIVED_FILE_DIR)/Pods-Imaginary National Park-checkManifestLockResult.txt",
			);
			runOnlyForDeploymentPostprocessing = 0;
			shellPath = /bin/sh;
			shellScript = "diff \"${PODS_PODFILE_DIR_PATH}/Podfile.lock\" \"${PODS_ROOT}/Manifest.lock\" > /dev/null\nif [ $? != 0 ] ; then\n    # print error to STDERR\n    echo \"error: The sandbox is not in sync with the Podfile.lock. Run 'pod install' or update your CocoaPods installation.\" >&2\n    exit 1\nfi\n# This output is used by Xcode 'outputs' to avoid re-running this script phase.\necho \"SUCCESS\" > \"${SCRIPT_OUTPUT_FILE_0}\"\n";
			showEnvVarsInLog = 0;
		};
/* End PBXShellScriptBuildPhase section */

/* Begin PBXSourcesBuildPhase section */
		19D3E53123C37B5100C7799B /* Sources */ = {
			isa = PBXSourcesBuildPhase;
			buildActionMask = 2147483647;
			files = (
				195ECD6123C67664003250F8 /* Route.swift in Sources */,
				195ECD5223C66616003250F8 /* StringExtension.swift in Sources */,
				195E84F023C7ABD80067E258 /* ParksListVC+Tableview.swift in Sources */,
				195ECD5C23C67490003250F8 /* Park.swift in Sources */,
				194986A223C9BD7D00A5CC66 /* ParkTableviewCell+Autolayout.swift in Sources */,
				197988D723C522D600402D8D /* ParksListVC+Autlayout.swift in Sources */,
				195ECD5F23C675A0003250F8 /* ParksListWS.swift in Sources */,
				195ECD6623C67B19003250F8 /* Header.swift in Sources */,
				195ECD6B23C6826E003250F8 /* BaseViewController+Popup.swift in Sources */,
				195ECD6423C67928003250F8 /* BaseViewController.swift in Sources */,
				197988D523C51F0F00402D8D /* ParksListVC.swift in Sources */,
				195ECD5823C66D5E003250F8 /* ParkTableviewCell.swift in Sources */,
				195ECD5A23C66F98003250F8 /* ParksListVC+WS.swift in Sources */,
				19D3E53923C37B5100C7799B /* AppDelegate.swift in Sources */,
			);
			runOnlyForDeploymentPostprocessing = 0;
		};
/* End PBXSourcesBuildPhase section */

/* Begin PBXVariantGroup section */
		195ECD5523C66710003250F8 /* Localizable.strings */ = {
			isa = PBXVariantGroup;
			children = (
				195ECD5423C66710003250F8 /* en */,
			);
			name = Localizable.strings;
			sourceTree = "<group>";
		};
		19D3E54123C37B5B00C7799B /* LaunchScreen.storyboard */ = {
			isa = PBXVariantGroup;
			children = (
				19D3E54223C37B5B00C7799B /* Base */,
			);
			name = LaunchScreen.storyboard;
			sourceTree = "<group>";
		};
/* End PBXVariantGroup section */

/* Begin XCBuildConfiguration section */
		19D3E54523C37B5B00C7799B /* Debug */ = {
			isa = XCBuildConfiguration;
			buildSettings = {
				ALWAYS_SEARCH_USER_PATHS = NO;
				CLANG_ANALYZER_NONNULL = YES;
				CLANG_ANALYZER_NUMBER_OBJECT_CONVERSION = YES_AGGRESSIVE;
				CLANG_CXX_LANGUAGE_STANDARD = "gnu++14";
				CLANG_CXX_LIBRARY = "libc++";
				CLANG_ENABLE_MODULES = YES;
				CLANG_ENABLE_OBJC_ARC = YES;
				CLANG_ENABLE_OBJC_WEAK = YES;
				CLANG_WARN_BLOCK_CAPTURE_AUTORELEASING = YES;
				CLANG_WARN_BOOL_CONVERSION = YES;
				CLANG_WARN_COMMA = YES;
				CLANG_WARN_CONSTANT_CONVERSION = YES;
				CLANG_WARN_DEPRECATED_OBJC_IMPLEMENTATIONS = YES;
				CLANG_WARN_DIRECT_OBJC_ISA_USAGE = YES_ERROR;
				CLANG_WARN_DOCUMENTATION_COMMENTS = YES;
				CLANG_WARN_EMPTY_BODY = YES;
				CLANG_WARN_ENUM_CONVERSION = YES;
				CLANG_WARN_INFINITE_RECURSION = YES;
				CLANG_WARN_INT_CONVERSION = YES;
				CLANG_WARN_NON_LITERAL_NULL_CONVERSION = YES;
				CLANG_WARN_OBJC_IMPLICIT_RETAIN_SELF = YES;
				CLANG_WARN_OBJC_LITERAL_CONVERSION = YES;
				CLANG_WARN_OBJC_ROOT_CLASS = YES_ERROR;
				CLANG_WARN_RANGE_LOOP_ANALYSIS = YES;
				CLANG_WARN_STRICT_PROTOTYPES = YES;
				CLANG_WARN_SUSPICIOUS_MOVE = YES;
				CLANG_WARN_UNGUARDED_AVAILABILITY = YES_AGGRESSIVE;
				CLANG_WARN_UNREACHABLE_CODE = YES;
				CLANG_WARN__DUPLICATE_METHOD_MATCH = YES;
				CODE_SIGN_IDENTITY = "iPhone Developer";
				COPY_PHASE_STRIP = NO;
				DEBUG_INFORMATION_FORMAT = dwarf;
				ENABLE_STRICT_OBJC_MSGSEND = YES;
				ENABLE_TESTABILITY = YES;
				GCC_C_LANGUAGE_STANDARD = gnu11;
				GCC_DYNAMIC_NO_PIC = NO;
				GCC_NO_COMMON_BLOCKS = YES;
				GCC_OPTIMIZATION_LEVEL = 0;
				GCC_PREPROCESSOR_DEFINITIONS = (
					"DEBUG=1",
					"$(inherited)",
				);
				GCC_WARN_64_TO_32_BIT_CONVERSION = YES;
				GCC_WARN_ABOUT_RETURN_TYPE = YES_ERROR;
				GCC_WARN_UNDECLARED_SELECTOR = YES;
				GCC_WARN_UNINITIALIZED_AUTOS = YES_AGGRESSIVE;
				GCC_WARN_UNUSED_FUNCTION = YES;
				GCC_WARN_UNUSED_VARIABLE = YES;
				IPHONEOS_DEPLOYMENT_TARGET = 11.3;
				MTL_ENABLE_DEBUG_INFO = YES;
				ONLY_ACTIVE_ARCH = YES;
				SDKROOT = iphoneos;
				SWIFT_ACTIVE_COMPILATION_CONDITIONS = DEBUG;
				SWIFT_OPTIMIZATION_LEVEL = "-Onone";
			};
			name = Debug;
		};
		19D3E54623C37B5B00C7799B /* Release */ = {
			isa = XCBuildConfiguration;
			buildSettings = {
				ALWAYS_SEARCH_USER_PATHS = NO;
				CLANG_ANALYZER_NONNULL = YES;
				CLANG_ANALYZER_NUMBER_OBJECT_CONVERSION = YES_AGGRESSIVE;
				CLANG_CXX_LANGUAGE_STANDARD = "gnu++14";
				CLANG_CXX_LIBRARY = "libc++";
				CLANG_ENABLE_MODULES = YES;
				CLANG_ENABLE_OBJC_ARC = YES;
				CLANG_ENABLE_OBJC_WEAK = YES;
				CLANG_WARN_BLOCK_CAPTURE_AUTORELEASING = YES;
				CLANG_WARN_BOOL_CONVERSION = YES;
				CLANG_WARN_COMMA = YES;
				CLANG_WARN_CONSTANT_CONVERSION = YES;
				CLANG_WARN_DEPRECATED_OBJC_IMPLEMENTATIONS = YES;
				CLANG_WARN_DIRECT_OBJC_ISA_USAGE = YES_ERROR;
				CLANG_WARN_DOCUMENTATION_COMMENTS = YES;
				CLANG_WARN_EMPTY_BODY = YES;
				CLANG_WARN_ENUM_CONVERSION = YES;
				CLANG_WARN_INFINITE_RECURSION = YES;
				CLANG_WARN_INT_CONVERSION = YES;
				CLANG_WARN_NON_LITERAL_NULL_CONVERSION = YES;
				CLANG_WARN_OBJC_IMPLICIT_RETAIN_SELF = YES;
				CLANG_WARN_OBJC_LITERAL_CONVERSION = YES;
				CLANG_WARN_OBJC_ROOT_CLASS = YES_ERROR;
				CLANG_WARN_RANGE_LOOP_ANALYSIS = YES;
				CLANG_WARN_STRICT_PROTOTYPES = YES;
				CLANG_WARN_SUSPICIOUS_MOVE = YES;
				CLANG_WARN_UNGUARDED_AVAILABILITY = YES_AGGRESSIVE;
				CLANG_WARN_UNREACHABLE_CODE = YES;
				CLANG_WARN__DUPLICATE_METHOD_MATCH = YES;
				CODE_SIGN_IDENTITY = "iPhone Developer";
				COPY_PHASE_STRIP = NO;
				DEBUG_INFORMATION_FORMAT = "dwarf-with-dsym";
				ENABLE_NS_ASSERTIONS = NO;
				ENABLE_STRICT_OBJC_MSGSEND = YES;
				GCC_C_LANGUAGE_STANDARD = gnu11;
				GCC_NO_COMMON_BLOCKS = YES;
				GCC_WARN_64_TO_32_BIT_CONVERSION = YES;
				GCC_WARN_ABOUT_RETURN_TYPE = YES_ERROR;
				GCC_WARN_UNDECLARED_SELECTOR = YES;
				GCC_WARN_UNINITIALIZED_AUTOS = YES_AGGRESSIVE;
				GCC_WARN_UNUSED_FUNCTION = YES;
				GCC_WARN_UNUSED_VARIABLE = YES;
				IPHONEOS_DEPLOYMENT_TARGET = 11.3;
				MTL_ENABLE_DEBUG_INFO = NO;
				SDKROOT = iphoneos;
				SWIFT_COMPILATION_MODE = wholemodule;
				SWIFT_OPTIMIZATION_LEVEL = "-O";
				VALIDATE_PRODUCT = YES;
			};
			name = Release;
		};
		19D3E54823C37B5B00C7799B /* Debug */ = {
			isa = XCBuildConfiguration;
			baseConfigurationReference = 9C984E0467D3E7C09AEC7837 /* Pods-Imaginary National Park.debug.xcconfig */;
			buildSettings = {
				ASSETCATALOG_COMPILER_APPICON_NAME = AppIcon;
				CODE_SIGN_STYLE = Automatic;
				INFOPLIST_FILE = "Imaginary National Park/Info.plist";
				IPHONEOS_DEPLOYMENT_TARGET = 12.0;
				LD_RUNPATH_SEARCH_PATHS = (
					"$(inherited)",
					"@executable_path/Frameworks",
				);
				PRODUCT_BUNDLE_IDENTIFIER = "Marwen-Doukh.Imaginary-National-Park";
				PRODUCT_NAME = "$(TARGET_NAME)";
				SWIFT_VERSION = 4.0;
				TARGETED_DEVICE_FAMILY = "1,2";
			};
			name = Debug;
		};
		19D3E54923C37B5B00C7799B /* Release */ = {
			isa = XCBuildConfiguration;
			baseConfigurationReference = BEC9EF8B0DD35344E92636E6 /* Pods-Imaginary National Park.release.xcconfig */;
			buildSettings = {
				ASSETCATALOG_COMPILER_APPICON_NAME = AppIcon;
				CODE_SIGN_STYLE = Automatic;
				INFOPLIST_FILE = "Imaginary National Park/Info.plist";
				IPHONEOS_DEPLOYMENT_TARGET = 12.0;
				LD_RUNPATH_SEARCH_PATHS = (
					"$(inherited)",
					"@executable_path/Frameworks",
				);
				PRODUCT_BUNDLE_IDENTIFIER = "Marwen-Doukh.Imaginary-National-Park";
				PRODUCT_NAME = "$(TARGET_NAME)";
				SWIFT_VERSION = 4.0;
				TARGETED_DEVICE_FAMILY = "1,2";
			};
			name = Release;
		};
/* End XCBuildConfiguration section */

/* Begin XCConfigurationList section */
		19D3E53023C37B5100C7799B /* Build configuration list for PBXProject "Imaginary National Park" */ = {
			isa = XCConfigurationList;
			buildConfigurations = (
				19D3E54523C37B5B00C7799B /* Debug */,
				19D3E54623C37B5B00C7799B /* Release */,
			);
			defaultConfigurationIsVisible = 0;
			defaultConfigurationName = Release;
		};
		19D3E54723C37B5B00C7799B /* Build configuration list for PBXNativeTarget "Imaginary National Park" */ = {
			isa = XCConfigurationList;
			buildConfigurations = (
				19D3E54823C37B5B00C7799B /* Debug */,
				19D3E54923C37B5B00C7799B /* Release */,
			);
			defaultConfigurationIsVisible = 0;
			defaultConfigurationName = Release;
		};
/* End XCConfigurationList section */
	};
	rootObject = 19D3E52D23C37B5100C7799B /* Project object */;
}
